
Microsoft Visual Studio Solution File, Format Version 12.00
# Visual Studio 2015
Project("{FAE04EC0-301F-11D3-BF4B-00C04F79EFBC}") = "damage_control3.CSharp", "damage_control3.CSharp.csproj", "{4E5D8D02-82B6-79FF-EE38-A3F4D23F59EA}"
EndProject
Global
	GlobalSection(SolutionConfigurationPlatforms) = preSolution
		Debug|Any CPU = Debug|Any CPU
		Release|Any CPU = Release|Any CPU
	EndGlobalSection
	GlobalSection(ProjectConfigurationPlatforms) = postSolution
		{4E5D8D02-82B6-79FF-EE38-A3F4D23F59EA}.Debug|Any CPU.ActiveCfg = Debug|Any CPU
		{4E5D8D02-82B6-79FF-EE38-A3F4D23F59EA}.Debug|Any CPU.Build.0 = Debug|Any CPU
		{4E5D8D02-82B6-79FF-EE38-A3F4D23F59EA}.Release|Any CPU.ActiveCfg = Release|Any CPU
		{4E5D8D02-82B6-79FF-EE38-A3F4D23F59EA}.Release|Any CPU.Build.0 = Release|Any CPU
	EndGlobalSection
	GlobalSection(SolutionProperties) = preSolution
		HideSolutionNode = FALSE
	EndGlobalSection
EndGlobal
