
Microsoft Visual Studio Solution File, Format Version 12.00
# Visual Studio 2015
Project("{FAE04EC0-301F-11D3-BF4B-00C04F79EFBC}") = "damage_control.CSharp", "damage_control.CSharp.csproj", "{97D9EF49-5EB2-B8F2-5CEE-A5DCB46D4ED4}"
EndProject
Global
	GlobalSection(SolutionConfigurationPlatforms) = preSolution
		Debug|Any CPU = Debug|Any CPU
		Release|Any CPU = Release|Any CPU
	EndGlobalSection
	GlobalSection(ProjectConfigurationPlatforms) = postSolution
		{97D9EF49-5EB2-B8F2-5CEE-A5DCB46D4ED4}.Debug|Any CPU.ActiveCfg = Debug|Any CPU
		{97D9EF49-5EB2-B8F2-5CEE-A5DCB46D4ED4}.Debug|Any CPU.Build.0 = Debug|Any CPU
		{97D9EF49-5EB2-B8F2-5CEE-A5DCB46D4ED4}.Release|Any CPU.ActiveCfg = Release|Any CPU
		{97D9EF49-5EB2-B8F2-5CEE-A5DCB46D4ED4}.Release|Any CPU.Build.0 = Release|Any CPU
	EndGlobalSection
	GlobalSection(SolutionProperties) = preSolution
		HideSolutionNode = FALSE
	EndGlobalSection
EndGlobal
